
Microsoft Visual Studio Solution File, Format Version 12.00
# Visual Studio Version 16
VisualStudioVersion = 16.0.31313.79
MinimumVisualStudioVersion = 10.0.40219.1
Project("{FAE04EC0-301F-11D3-BF4B-00C04F79EFBC}") = "TMS_Smart_logistics.Api", "TMS_Smart_logistics.Api\TMS_Smart_logistics.Api.csproj", "{EE00EE73-1E20-4F51-8A32-9D032B6F3DBF}"
EndProject
Project("{FAE04EC0-301F-11D3-BF4B-00C04F79EFBC}") = "TMS_Smart_logistics.Common", "TMS_Smart_logistics.Common\TMS_Smart_logistics.Common.csproj", "{971DF9BC-160B-4954-AF99-D6903B5D2388}"
EndProject
Project("{FAE04EC0-301F-11D3-BF4B-00C04F79EFBC}") = "TMS_Smart_logistics.IRepository", "TMS_Smart_logistics.IRepository\TMS_Smart_logistics.IRepository.csproj", "{8216223F-4A1F-4D28-8A9A-801312FE9B26}"
EndProject
Project("{FAE04EC0-301F-11D3-BF4B-00C04F79EFBC}") = "TMS_Smart_logistics.Repository", "TMS_Smart_logistics.Repository\TMS_Smart_logistics.Repository.csproj", "{E9B74778-FF25-407B-BDB6-62194349F354}"
EndProject
Project("{FAE04EC0-301F-11D3-BF4B-00C04F79EFBC}") = "TMS_Smart_logistics.Model", "TMS_Smart_logistics.Model\TMS_Smart_logistics.Model.csproj", "{138DC133-86F6-4AAF-9FFA-8F08FEC6A9FB}"
EndProject
Global
	GlobalSection(SolutionConfigurationPlatforms) = preSolution
		Debug|Any CPU = Debug|Any CPU
		Release|Any CPU = Release|Any CPU
	EndGlobalSection
	GlobalSection(ProjectConfigurationPlatforms) = postSolution
		{EE00EE73-1E20-4F51-8A32-9D032B6F3DBF}.Debug|Any CPU.ActiveCfg = Debug|Any CPU
		{EE00EE73-1E20-4F51-8A32-9D032B6F3DBF}.Debug|Any CPU.Build.0 = Debug|Any CPU
		{EE00EE73-1E20-4F51-8A32-9D032B6F3DBF}.Release|Any CPU.ActiveCfg = Release|Any CPU
		{EE00EE73-1E20-4F51-8A32-9D032B6F3DBF}.Release|Any CPU.Build.0 = Release|Any CPU
		{971DF9BC-160B-4954-AF99-D6903B5D2388}.Debug|Any CPU.ActiveCfg = Debug|Any CPU
		{971DF9BC-160B-4954-AF99-D6903B5D2388}.Debug|Any CPU.Build.0 = Debug|Any CPU
		{971DF9BC-160B-4954-AF99-D6903B5D2388}.Release|Any CPU.ActiveCfg = Release|Any CPU
		{971DF9BC-160B-4954-AF99-D6903B5D2388}.Release|Any CPU.Build.0 = Release|Any CPU
		{8216223F-4A1F-4D28-8A9A-801312FE9B26}.Debug|Any CPU.ActiveCfg = Debug|Any CPU
		{8216223F-4A1F-4D28-8A9A-801312FE9B26}.Debug|Any CPU.Build.0 = Debug|Any CPU
		{8216223F-4A1F-4D28-8A9A-801312FE9B26}.Release|Any CPU.ActiveCfg = Release|Any CPU
		{8216223F-4A1F-4D28-8A9A-801312FE9B26}.Release|Any CPU.Build.0 = Release|Any CPU
		{E9B74778-FF25-407B-BDB6-62194349F354}.Debug|Any CPU.ActiveCfg = Debug|Any CPU
		{E9B74778-FF25-407B-BDB6-62194349F354}.Debug|Any CPU.Build.0 = Debug|Any CPU
		{E9B74778-FF25-407B-BDB6-62194349F354}.Release|Any CPU.ActiveCfg = Release|Any CPU
		{E9B74778-FF25-407B-BDB6-62194349F354}.Release|Any CPU.Build.0 = Release|Any CPU
		{138DC133-86F6-4AAF-9FFA-8F08FEC6A9FB}.Debug|Any CPU.ActiveCfg = Debug|Any CPU
		{138DC133-86F6-4AAF-9FFA-8F08FEC6A9FB}.Debug|Any CPU.Build.0 = Debug|Any CPU
		{138DC133-86F6-4AAF-9FFA-8F08FEC6A9FB}.Release|Any CPU.ActiveCfg = Release|Any CPU
		{138DC133-86F6-4AAF-9FFA-8F08FEC6A9FB}.Release|Any CPU.Build.0 = Release|Any CPU
	EndGlobalSection
	GlobalSection(SolutionProperties) = preSolution
		HideSolutionNode = FALSE
	EndGlobalSection
	GlobalSection(ExtensibilityGlobals) = postSolution
		SolutionGuid = {69644300-16A8-4530-9A97-2CC4F7CE40D8}
	EndGlobalSection
EndGlobal
